
Microsoft Visual Studio Solution File, Format Version 12.00
# Visual Studio Version 17
VisualStudioVersion = 17.7.34221.43
MinimumVisualStudioVersion = 10.0.40219.1
Project("{FAE04EC0-301F-11D3-BF4B-00C04F79EFBC}") = "Indexer-Exception_Homework", "Indexer-Exception_Homework\Indexer-Exception_Homework.csproj", "{77007AC9-5C45-4A8D-AFA9-4080A1F478DA}"
EndProject
Global
	GlobalSection(SolutionConfigurationPlatforms) = preSolution
		Debug|Any CPU = Debug|Any CPU
		Release|Any CPU = Release|Any CPU
	EndGlobalSection
	GlobalSection(ProjectConfigurationPlatforms) = postSolution
		{77007AC9-5C45-4A8D-AFA9-4080A1F478DA}.Debug|Any CPU.ActiveCfg = Debug|Any CPU
		{77007AC9-5C45-4A8D-AFA9-4080A1F478DA}.Debug|Any CPU.Build.0 = Debug|Any CPU
		{77007AC9-5C45-4A8D-AFA9-4080A1F478DA}.Release|Any CPU.ActiveCfg = Release|Any CPU
		{77007AC9-5C45-4A8D-AFA9-4080A1F478DA}.Release|Any CPU.Build.0 = Release|Any CPU
	EndGlobalSection
	GlobalSection(SolutionProperties) = preSolution
		HideSolutionNode = FALSE
	EndGlobalSection
	GlobalSection(ExtensibilityGlobals) = postSolution
		SolutionGuid = {7364F285-B2AD-4327-93C9-D56BDAEF3186}
	EndGlobalSection
EndGlobal
